{
  "nodes": {
    "blinkstick-scripts": {
      "inputs": {
        "flake-utils": "flake-utils",
        "nixpkgs": [
          "nixpkgs"
        ]
      },
      "locked": {
        "lastModified": 1690705507,
        "narHash": "sha256-Pv7sGVJXkUqBFek+lJpMF9tLyeYh+pZd3v3zsp26Fkg=",
        "owner": "perstarkse",
        "repo": "blinkstick-scripts",
        "rev": "8c73bcae1897658427a8c026215149c5ba4c32d7",
        "type": "github"
      },
      "original": {
        "owner": "perstarkse",
        "repo": "blinkstick-scripts",
        "type": "github"
      }
    },
    "crane": {
      "inputs": {
        "nixpkgs": [
          "helix-master",
          "nixpkgs"
        ]
      },
      "locked": {
        "lastModified": 1701025348,
        "narHash": "sha256-42GHmYH+GF7VjwGSt+fVT1CQuNpGanJbNgVHTAZppUM=",
        "owner": "ipetkov",
        "repo": "crane",
        "rev": "42afaeb1a0325194a7cdb526332d2cb92fddd07b",
        "type": "github"
      },
      "original": {
        "owner": "ipetkov",
        "repo": "crane",
        "type": "github"
      }
    },
    "flake-compat": {
      "flake": false,
      "locked": {
        "lastModified": 1673956053,
        "narHash": "sha256-4gtG9iQuiKITOjNQQeQIpoIB6b16fm+504Ch3sNKLd8=",
        "owner": "edolstra",
        "repo": "flake-compat",
        "rev": "35bb57c0c8d8b62bbfd284272c928ceb64ddbde9",
        "type": "github"
      },
      "original": {
        "owner": "edolstra",
        "repo": "flake-compat",
        "type": "github"
      }
    },
    "flake-utils": {
      "inputs": {
        "systems": "systems"
      },
      "locked": {
        "lastModified": 1689068808,
        "narHash": "sha256-6ixXo3wt24N/melDWjq70UuHQLxGV8jZvooRanIHXw0=",
        "owner": "numtide",
        "repo": "flake-utils",
        "rev": "919d646de7be200f3bf08cb76ae1f09402b6f9b4",
        "type": "github"
      },
      "original": {
        "owner": "numtide",
        "repo": "flake-utils",
        "type": "github"
      }
    },
    "flake-utils_2": {
      "inputs": {
        "systems": "systems_2"
      },
      "locked": {
        "lastModified": 1694529238,
        "narHash": "sha256-zsNZZGTGnMOf9YpHKJqMSsa0dXbfmxeoJ7xHlrt+xmY=",
        "owner": "numtide",
        "repo": "flake-utils",
        "rev": "ff7b65b44d01cf9ba6a71320833626af21126384",
        "type": "github"
      },
      "original": {
        "owner": "numtide",
        "repo": "flake-utils",
        "type": "github"
      }
    },
    "flake-utils_3": {
      "inputs": {
        "systems": "systems_3"
      },
      "locked": {
        "lastModified": 1681202837,
        "narHash": "sha256-H+Rh19JDwRtpVPAWp64F+rlEtxUWBAQW28eAi3SRSzg=",
        "owner": "numtide",
        "repo": "flake-utils",
        "rev": "cfacdce06f30d2b68473a46042957675eebb3401",
        "type": "github"
      },
      "original": {
        "owner": "numtide",
        "repo": "flake-utils",
        "type": "github"
      }
    },
    "hardware": {
      "locked": {
        "lastModified": 1704786394,
        "narHash": "sha256-aJM0ln9fMGWw1+tjyl5JZWZ3ahxAA2gw2ZpZY/hkEMs=",
        "owner": "NixOS",
        "repo": "nixos-hardware",
        "rev": "b34a6075e9e298c4124e35c3ccaf2210c1f3a43b",
        "type": "github"
      },
      "original": {
        "owner": "NixOS",
        "repo": "nixos-hardware",
        "type": "github"
      }
    },
    "helix-master": {
      "inputs": {
        "crane": "crane",
        "flake-utils": "flake-utils_2",
        "nixpkgs": "nixpkgs",
        "rust-overlay": "rust-overlay"
      },
      "locked": {
        "lastModified": 1704986785,
        "narHash": "sha256-h0/pFRsnFesY+u+0EmeOXcReN8uF6Z3ok+eByZIks8E=",
        "owner": "helix-editor",
        "repo": "helix",
        "rev": "17dd102e5cccbb2a9a0f0224af63e52f3dab846b",
        "type": "github"
      },
      "original": {
        "owner": "helix-editor",
        "repo": "helix",
        "type": "github"
      }
    },
    "home-manager": {
      "inputs": {
        "nixpkgs": [
          "nixpkgs"
        ]
      },
      "locked": {
        "lastModified": 1702195668,
        "narHash": "sha256-Lxmjez0nfNBptdqV5GsXKm7Bb7swjGsrxiLxWJu0tL8=",
        "owner": "nix-community",
        "repo": "home-manager",
        "rev": "33110fb3c7fe6a94b98b641866a5eddb64b7c23f",
        "type": "github"
      },
      "original": {
        "owner": "nix-community",
        "ref": "release-23.05",
        "repo": "home-manager",
        "type": "github"
      }
    },
    "my-nixpkgs": {
      "locked": {
        "lastModified": 1700462251,
        "narHash": "sha256-cM0ib5AaA+J33oYhaDF4FLPuw4/spkBQNIvRS2/utYc=",
        "owner": "perstarkse",
        "repo": "nixpkgs",
        "rev": "6315a2afd42f198abb452105b5690aabc5317231",
        "type": "github"
      },
      "original": {
        "owner": "perstarkse",
        "repo": "nixpkgs",
        "type": "github"
      }
    },
    "nix-vscode-extensions": {
      "inputs": {
        "flake-compat": "flake-compat",
        "flake-utils": "flake-utils_3",
        "nixpkgs": "nixpkgs_2"
      },
      "locked": {
        "lastModified": 1705022460,
        "narHash": "sha256-SOLOCrCLxp7W4tDDgmDTDPNw7lcf18ZIcniXwNORkT4=",
        "owner": "nix-community",
        "repo": "nix-vscode-extensions",
        "rev": "cc030ff88be6c4d8d2933b5682c9c8d966f74429",
        "type": "github"
      },
      "original": {
        "owner": "nix-community",
        "repo": "nix-vscode-extensions",
        "type": "github"
      }
    },
    "nixpkgs": {
      "locked": {
        "lastModified": 1700794826,
        "narHash": "sha256-RyJTnTNKhO0yqRpDISk03I/4A67/dp96YRxc86YOPgU=",
        "owner": "nixos",
        "repo": "nixpkgs",
        "rev": "5a09cb4b393d58f9ed0d9ca1555016a8543c2ac8",
        "type": "github"
      },
      "original": {
        "owner": "nixos",
        "ref": "nixos-unstable",
        "repo": "nixpkgs",
        "type": "github"
      }
    },
    "nixpkgs-unstable": {
      "locked": {
        "lastModified": 1704722960,
        "narHash": "sha256-mKGJ3sPsT6//s+Knglai5YflJUF2DGj7Ai6Ynopz0kI=",
        "owner": "nixos",
        "repo": "nixpkgs",
        "rev": "317484b1ead87b9c1b8ac5261a8d2dd748a0492d",
        "type": "github"
      },
      "original": {
        "owner": "nixos",
        "ref": "nixos-unstable",
        "repo": "nixpkgs",
        "type": "github"
      }
    },
    "nixpkgs_2": {
      "locked": {
        "lastModified": 1684570954,
        "narHash": "sha256-FX5y4Sm87RWwfu9PI71XFvuRpZLowh00FQpIJ1WfXqE=",
        "owner": "NixOS",
        "repo": "nixpkgs",
        "rev": "3005f20ce0aaa58169cdee57c8aa12e5f1b6e1b3",
        "type": "github"
      },
      "original": {
        "owner": "NixOS",
        "ref": "nixos-unstable",
        "repo": "nixpkgs",
        "type": "github"
      }
    },
    "nixpkgs_3": {
      "locked": {
        "lastModified": 1704290814,
        "narHash": "sha256-LWvKHp7kGxk/GEtlrGYV68qIvPHkU9iToomNFGagixU=",
        "owner": "nixos",
        "repo": "nixpkgs",
        "rev": "70bdadeb94ffc8806c0570eb5c2695ad29f0e421",
        "type": "github"
      },
      "original": {
        "owner": "nixos",
        "ref": "nixos-23.05",
        "repo": "nixpkgs",
        "type": "github"
      }
    },
    "root": {
      "inputs": {
        "blinkstick-scripts": "blinkstick-scripts",
        "hardware": "hardware",
        "helix-master": "helix-master",
        "home-manager": "home-manager",
        "my-nixpkgs": "my-nixpkgs",
        "nix-vscode-extensions": "nix-vscode-extensions",
        "nixpkgs": "nixpkgs_3",
        "nixpkgs-unstable": "nixpkgs-unstable"
      }
    },
    "rust-overlay": {
      "inputs": {
        "flake-utils": [
          "helix-master",
          "flake-utils"
        ],
        "nixpkgs": [
          "helix-master",
          "nixpkgs"
        ]
      },
      "locked": {
        "lastModified": 1701137803,
        "narHash": "sha256-0LcPAdql5IhQSUXJx3Zna0dYTgdIoYO7zUrsKgiBd04=",
        "owner": "oxalica",
        "repo": "rust-overlay",
        "rev": "9dd940c967502f844eacea52a61e9596268d4f70",
        "type": "github"
      },
      "original": {
        "owner": "oxalica",
        "repo": "rust-overlay",
        "type": "github"
      }
    },
    "systems": {
      "locked": {
        "lastModified": 1681028828,
        "narHash": "sha256-Vy1rq5AaRuLzOxct8nz4T6wlgyUR7zLU309k9mBC768=",
        "owner": "nix-systems",
        "repo": "default",
        "rev": "da67096a3b9bf56a91d16901293e51ba5b49a27e",
        "type": "github"
      },
      "original": {
        "owner": "nix-systems",
        "repo": "default",
        "type": "github"
      }
    },
    "systems_2": {
      "locked": {
        "lastModified": 1681028828,
        "narHash": "sha256-Vy1rq5AaRuLzOxct8nz4T6wlgyUR7zLU309k9mBC768=",
        "owner": "nix-systems",
        "repo": "default",
        "rev": "da67096a3b9bf56a91d16901293e51ba5b49a27e",
        "type": "github"
      },
      "original": {
        "owner": "nix-systems",
        "repo": "default",
        "type": "github"
      }
    },
    "systems_3": {
      "locked": {
        "lastModified": 1681028828,
        "narHash": "sha256-Vy1rq5AaRuLzOxct8nz4T6wlgyUR7zLU309k9mBC768=",
        "owner": "nix-systems",
        "repo": "default",
        "rev": "da67096a3b9bf56a91d16901293e51ba5b49a27e",
        "type": "github"
      },
      "original": {
        "owner": "nix-systems",
        "repo": "default",
        "type": "github"
      }
    }
  },
  "root": "root",
  "version": 7
}
